
Microsoft Visual Studio Solution File, Format Version 12.00
Project("{FAE04EC0-301F-11D3-BF4B-00C04F79EFBC}") = "JokesApp", "JokesApp\JokesApp.csproj", "{BA9F07C6-1245-4BDA-A779-1C308C74279A}"
EndProject
Global
	GlobalSection(SolutionConfigurationPlatforms) = preSolution
		Debug|Any CPU = Debug|Any CPU
		Release|Any CPU = Release|Any CPU
	EndGlobalSection
	GlobalSection(ProjectConfigurationPlatforms) = postSolution
		{BA9F07C6-1245-4BDA-A779-1C308C74279A}.Debug|Any CPU.ActiveCfg = Debug|Any CPU
		{BA9F07C6-1245-4BDA-A779-1C308C74279A}.Debug|Any CPU.Build.0 = Debug|Any CPU
		{BA9F07C6-1245-4BDA-A779-1C308C74279A}.Release|Any CPU.ActiveCfg = Release|Any CPU
		{BA9F07C6-1245-4BDA-A779-1C308C74279A}.Release|Any CPU.Build.0 = Release|Any CPU
	EndGlobalSection
EndGlobal
